
Microsoft Visual Studio Solution File, Format Version 12.00
# Visual Studio Version 16
VisualStudioVersion = 16.0.31702.278
MinimumVisualStudioVersion = 10.0.40219.1
Project("{FAE04EC0-301F-11D3-BF4B-00C04F79EFBC}") = "EvilEye", "EvilEye\EvilEye.csproj", "{6A7CD406-2704-4F25-9C0D-388FC5BC27EC}"
EndProject
Project("{FAE04EC0-301F-11D3-BF4B-00C04F79EFBC}") = "EvilLoader", "EvilLoader\EvilLoader.csproj", "{0EF2D680-B575-4962-B2E5-14E7B9449950}"
EndProject
Project("{FAE04EC0-301F-11D3-BF4B-00C04F79EFBC}") = "EvilBot", "EvilBot\EvilBot.csproj", "{EFAA1112-B48C-451B-9451-2832E86DE13F}"
EndProject
Global
	GlobalSection(SolutionConfigurationPlatforms) = preSolution
		Debug|Any CPU = Debug|Any CPU
		Release|Any CPU = Release|Any CPU
	EndGlobalSection
	GlobalSection(ProjectConfigurationPlatforms) = postSolution
		{6A7CD406-2704-4F25-9C0D-388FC5BC27EC}.Debug|Any CPU.ActiveCfg = Debug|Any CPU
		{6A7CD406-2704-4F25-9C0D-388FC5BC27EC}.Debug|Any CPU.Build.0 = Debug|Any CPU
		{6A7CD406-2704-4F25-9C0D-388FC5BC27EC}.Release|Any CPU.ActiveCfg = Release|Any CPU
		{6A7CD406-2704-4F25-9C0D-388FC5BC27EC}.Release|Any CPU.Build.0 = Release|Any CPU
		{0EF2D680-B575-4962-B2E5-14E7B9449950}.Debug|Any CPU.ActiveCfg = Debug|Any CPU
		{0EF2D680-B575-4962-B2E5-14E7B9449950}.Debug|Any CPU.Build.0 = Debug|Any CPU
		{0EF2D680-B575-4962-B2E5-14E7B9449950}.Release|Any CPU.ActiveCfg = Release|Any CPU
		{0EF2D680-B575-4962-B2E5-14E7B9449950}.Release|Any CPU.Build.0 = Release|Any CPU
		{EFAA1112-B48C-451B-9451-2832E86DE13F}.Debug|Any CPU.ActiveCfg = Debug|Any CPU
		{EFAA1112-B48C-451B-9451-2832E86DE13F}.Debug|Any CPU.Build.0 = Debug|Any CPU
		{EFAA1112-B48C-451B-9451-2832E86DE13F}.Release|Any CPU.ActiveCfg = Release|Any CPU
		{EFAA1112-B48C-451B-9451-2832E86DE13F}.Release|Any CPU.Build.0 = Release|Any CPU
	EndGlobalSection
	GlobalSection(SolutionProperties) = preSolution
		HideSolutionNode = FALSE
	EndGlobalSection
	GlobalSection(ExtensibilityGlobals) = postSolution
		SolutionGuid = {F951CA70-BA22-4410-A7A6-EAAE0F788F27}
	EndGlobalSection
EndGlobal
